
Microsoft Visual Studio Solution File, Format Version 12.00
# Visual Studio Version 17
VisualStudioVersion = 17.0.31903.59
MinimumVisualStudioVersion = 10.0.40219.1
Project("{FAE04EC0-301F-11D3-BF4B-00C04F79EFBC}") = "Scheduling.ConsoleApp", "Scheduling.ConsoleApp\Scheduling.ConsoleApp.csproj", "{AD7EB768-940E-42F8-BA7E-E0BEEF60AEF9}"
EndProject
Project("{FAE04EC0-301F-11D3-BF4B-00C04F79EFBC}") = "Scheduling.Api", "Scheduling.Api\Scheduling.Api.csproj", "{5E15C4A4-BF04-4F87-873B-4BB75B3563F3}"
EndProject
Global
	GlobalSection(SolutionConfigurationPlatforms) = preSolution
		Debug|Any CPU = Debug|Any CPU
		Release|Any CPU = Release|Any CPU
	EndGlobalSection
	GlobalSection(SolutionProperties) = preSolution
		HideSolutionNode = FALSE
	EndGlobalSection
	GlobalSection(ProjectConfigurationPlatforms) = postSolution
		{AD7EB768-940E-42F8-BA7E-E0BEEF60AEF9}.Debug|Any CPU.ActiveCfg = Debug|Any CPU
		{AD7EB768-940E-42F8-BA7E-E0BEEF60AEF9}.Debug|Any CPU.Build.0 = Debug|Any CPU
		{AD7EB768-940E-42F8-BA7E-E0BEEF60AEF9}.Release|Any CPU.ActiveCfg = Release|Any CPU
		{AD7EB768-940E-42F8-BA7E-E0BEEF60AEF9}.Release|Any CPU.Build.0 = Release|Any CPU
		{5E15C4A4-BF04-4F87-873B-4BB75B3563F3}.Debug|Any CPU.ActiveCfg = Debug|Any CPU
		{5E15C4A4-BF04-4F87-873B-4BB75B3563F3}.Debug|Any CPU.Build.0 = Debug|Any CPU
		{5E15C4A4-BF04-4F87-873B-4BB75B3563F3}.Release|Any CPU.ActiveCfg = Release|Any CPU
		{5E15C4A4-BF04-4F87-873B-4BB75B3563F3}.Release|Any CPU.Build.0 = Release|Any CPU
	EndGlobalSection
EndGlobal
